<?xml version="1.0" encoding="utf-8"?>
<Project ToolsVersion="4.0" xmlns="http://schemas.microsoft.com/developer/msbuild/2003">
  <ItemGroup>
    <Filter Include="Source Files">
      <UniqueIdentifier>{4FC737F1-C7A5-4376-A066-2A32D752A2FF}</UniqueIdentifier>
      <Extensions>cpp;c;cc;cxx;c++;cppm;ixx;def;odl;idl;hpj;bat;asm;asmx</Extensions>
    </Filter>
    <Filter Include="Header Files">
      <UniqueIdentifier>{93995380-89BD-4b04-88EB-625FBE52EBFB}</UniqueIdentifier>
      <Extensions>h;hh;hpp;hxx;h++;hm;inl;inc;ipp;xsd</Extensions>
    </Filter>
    <Filter Include="Resource Files">
      <UniqueIdentifier>{67DA6AB6-F800-4c08-8B7A-83BB121AAD01}</UniqueIdentifier>
      <Extensions>rc;ico;cur;bmp;dlg;rc2;rct;bin;rgs;gif;jpg;jpeg;jpe;resx;tiff;tif;png;wav;mfcribbon-ms</Extensions>
    </Filter>
    <Filter Include="Resource Files\Shader">
      <UniqueIdentifier>{c2acfaa4-67e3-4d4d-9374-b4c59382ffb9}</UniqueIdentifier>
    </Filter>
    <Filter Include="Resource Files\Texture">
      <UniqueIdentifier>{2da1f927-14c4-4cc6-b43c-47e77213e0f3}</UniqueIdentifier>
    </Filter>
    <Filter Include="Header Files\LEX">
      <UniqueIdentifier>{a4400ebe-707a-46bd-8932-95910b758e23}</UniqueIdentifier>
    </Filter>
    <Filter Include="Source Files\Lex">
      <UniqueIdentifier>{92451c40-9fa7-40e4-ad85-f56b50f90a1d}</UniqueIdentifier>
    </Filter>
  </ItemGroup>
  <ItemGroup>
    <ClCompile Include="..\..\..\Users\Tam Duc\Downloads\miniaudio-0.11.23\miniaudio-0.11.23\miniaudio.c">
      <Filter>Source Files</Filter>
    </ClCompile>
    <ClCompile Include="stb.cpp">
      <Filter>Source Files</Filter>
    </ClCompile>
    <ClCompile Include="lex.cpp">
      <Filter>Source Files\Lex</Filter>
    </ClCompile>
    <ClCompile Include="lexTexture.cpp">
      <Filter>Source Files\Lex</Filter>
    </ClCompile>
    <ClCompile Include="main.cpp">
      <Filter>Source Files</Filter>
    </ClCompile>
    <ClCompile Include="..\..\..\Lib\glad\src\glad.c">
      <Filter>Source Files</Filter>
    </ClCompile>
  </ItemGroup>
  <ItemGroup>
    <None Include="default.vertex">
      <Filter>Resource Files\Shader</Filter>
    </None>
    <None Include="default.fragment">
      <Filter>Resource Files\Shader</Filter>
    </None>
  </ItemGroup>
  <ItemGroup>
    <ClInclude Include="lex.h">
      <Filter>Header Files\LEX</Filter>
    </ClInclude>
  </ItemGroup>
  <ItemGroup>
    <Image Include="..\..\..\Users\Tam Duc\OneDrive\Hình ảnh\free-planets-in-space-pixel-game-background-pack\4 background\Planet.png">
      <Filter>Resource Files\Texture</Filter>
    </Image>
  </ItemGroup>
</Project>